
Microsoft Visual Studio Solution File, Format Version 12.00
Project("{FAE04EC0-301F-11D3-BF4B-00C04F79EFBC}") = "ConsoleApp6", "ConsoleApp6\ConsoleApp6.csproj", "{E4BA9882-FBEB-4C25-962A-96DC3AA252C6}"
EndProject
Global
	GlobalSection(SolutionConfigurationPlatforms) = preSolution
		Debug|Any CPU = Debug|Any CPU
		Release|Any CPU = Release|Any CPU
	EndGlobalSection
	GlobalSection(ProjectConfigurationPlatforms) = postSolution
		{E4BA9882-FBEB-4C25-962A-96DC3AA252C6}.Debug|Any CPU.ActiveCfg = Debug|Any CPU
		{E4BA9882-FBEB-4C25-962A-96DC3AA252C6}.Debug|Any CPU.Build.0 = Debug|Any CPU
		{E4BA9882-FBEB-4C25-962A-96DC3AA252C6}.Release|Any CPU.ActiveCfg = Release|Any CPU
		{E4BA9882-FBEB-4C25-962A-96DC3AA252C6}.Release|Any CPU.Build.0 = Release|Any CPU
	EndGlobalSection
EndGlobal
